
Microsoft Visual Studio Solution File, Format Version 12.00
# Visual Studio Version 16
VisualStudioVersion = 16.0.33927.289
MinimumVisualStudioVersion = 10.0.40219.1
Project("{2150E333-8FDC-42A3-9474-1A3956D46DE8}") = "Task0", "Task0", "{A2B8A869-2B5B-4063-8200-C7CBD8CF2E54}"
EndProject
Project("{FAE04EC0-301F-11D3-BF4B-00C04F79EFBC}") = "Tyuiu.IlyinME.Sprint5.Task0.V28", "Tyuiu.IlyinME.Sprint5.Task0.V28\Tyuiu.IlyinME.Sprint5.Task0.V28.csproj", "{F93B5065-6921-49EF-A12C-FF7252C59EB2}"
EndProject
Project("{FAE04EC0-301F-11D3-BF4B-00C04F79EFBC}") = "Tyuiu.IlyinME.Sprint5.Task0.V28.Lib", "Tyuiu.IlyinME.Sprint5.Task0.V28.Lib\Tyuiu.IlyinME.Sprint5.Task0.V28.Lib.csproj", "{A3F41E00-22CB-492F-8BA2-83A9B30F2BC2}"
EndProject
Project("{FAE04EC0-301F-11D3-BF4B-00C04F79EFBC}") = "Tyuiu.IlyinME.Sprint5.Task0.V28.Test", "Tyuiu.IlyinME.Sprint5.Task0.V28.Test\Tyuiu.IlyinME.Sprint5.Task0.V28.Test.csproj", "{8CC69471-A370-4DA0-8F1A-E2FC591D2799}"
EndProject
Project("{2150E333-8FDC-42A3-9474-1A3956D46DE8}") = "Task1", "Task1", "{20474697-FE57-4338-A627-F3552A851D12}"
EndProject
Project("{FAE04EC0-301F-11D3-BF4B-00C04F79EFBC}") = "Tyuiu.IlyinME.Sprint5.Task1.V2", "Tyuiu.IlyinME.Sprint5.Task1.V2\Tyuiu.IlyinME.Sprint5.Task1.V2.csproj", "{4AC2E0E2-2B40-46FA-B0B5-4FADCD0C05EE}"
EndProject
Project("{FAE04EC0-301F-11D3-BF4B-00C04F79EFBC}") = "Tyuiu.IlyinME.Sprint5.Task1.V2.Lib", "Tyuiu.IlyinME.Sprint5.Task1.V2.Lib\Tyuiu.IlyinME.Sprint5.Task1.V2.Lib.csproj", "{F5B1A178-6187-4C11-BF9E-73456CF85BC1}"
EndProject
Project("{FAE04EC0-301F-11D3-BF4B-00C04F79EFBC}") = "Tyuiu.IlyinME.Sprint5.Task1.V2.Test", "Tyuiu.IlyinME.Sprint5.Task1.V2.Test\Tyuiu.IlyinME.Sprint5.Task1.V2.Test.csproj", "{797D56CA-E0E1-4A22-BE80-9F1D4F0E6A57}"
EndProject
Project("{2150E333-8FDC-42A3-9474-1A3956D46DE8}") = "Task2", "Task2", "{C717F0B6-A0CD-475B-85F3-FB6BB0747F35}"
EndProject
Project("{FAE04EC0-301F-11D3-BF4B-00C04F79EFBC}") = "Tyuiu.IlyinME.Sprint5.Task2.V19", "Tyuiu.IlyinME.Sprint5.Task2.V19\Tyuiu.IlyinME.Sprint5.Task2.V19.csproj", "{9694F074-6E2F-4575-88B3-7ABCD24F09E8}"
EndProject
Project("{FAE04EC0-301F-11D3-BF4B-00C04F79EFBC}") = "Tyuiu.IlyinME.Sprint5.Task2.V19.Lib", "Tyuiu.IlyinME.Sprint5.Task2.V19.Lib\Tyuiu.IlyinME.Sprint5.Task2.V19.Lib.csproj", "{851463E3-0F29-48B7-BC4B-523B8C0B9F83}"
EndProject
Project("{FAE04EC0-301F-11D3-BF4B-00C04F79EFBC}") = "Tyuiu.IlyinME.Sprint5.Task2.V19.Test", "Tyuiu.IlyinME.Sprint5.Task2.V19.Test\Tyuiu.IlyinME.Sprint5.Task2.V19.Test.csproj", "{CDAF6851-1110-4690-B75D-5CD8861F23D7}"
EndProject
Project("{2150E333-8FDC-42A3-9474-1A3956D46DE8}") = "Task3", "Task3", "{94D35CC1-CB31-4228-AC15-7C26F0281FD8}"
EndProject
Project("{FAE04EC0-301F-11D3-BF4B-00C04F79EFBC}") = "Tyuiu.IlyinME.Sprint5.Task3.V15", "Tyuiu.IlyinME.Sprint5.Task3.V15\Tyuiu.IlyinME.Sprint5.Task3.V15.csproj", "{B0E25E75-2EA3-47D8-AB94-60CE5CE61A00}"
EndProject
Project("{FAE04EC0-301F-11D3-BF4B-00C04F79EFBC}") = "Tyuiu.IlyinME.Sprint5.Task3.V15.Lib", "Tyuiu.IlyinME.Sprint5.Task3.V15.Lib\Tyuiu.IlyinME.Sprint5.Task3.V15.Lib.csproj", "{F77F99C1-4D4C-4FD1-A836-FE50502F56DA}"
EndProject
Project("{FAE04EC0-301F-11D3-BF4B-00C04F79EFBC}") = "Tyuiu.IlyinME.Sprint5.Task3.V15.Test", "Tyuiu.IlyinME.Sprint5.Task3.V15.Test\Tyuiu.IlyinME.Sprint5.Task3.V15.Test.csproj", "{0D6A63B1-1115-4686-B5F7-6B1BBBDDB1D9}"
EndProject
Global
	GlobalSection(SolutionConfigurationPlatforms) = preSolution
		Debug|Any CPU = Debug|Any CPU
		Release|Any CPU = Release|Any CPU
	EndGlobalSection
	GlobalSection(ProjectConfigurationPlatforms) = postSolution
		{F93B5065-6921-49EF-A12C-FF7252C59EB2}.Debug|Any CPU.ActiveCfg = Debug|Any CPU
		{F93B5065-6921-49EF-A12C-FF7252C59EB2}.Debug|Any CPU.Build.0 = Debug|Any CPU
		{F93B5065-6921-49EF-A12C-FF7252C59EB2}.Release|Any CPU.ActiveCfg = Release|Any CPU
		{F93B5065-6921-49EF-A12C-FF7252C59EB2}.Release|Any CPU.Build.0 = Release|Any CPU
		{A3F41E00-22CB-492F-8BA2-83A9B30F2BC2}.Debug|Any CPU.ActiveCfg = Debug|Any CPU
		{A3F41E00-22CB-492F-8BA2-83A9B30F2BC2}.Debug|Any CPU.Build.0 = Debug|Any CPU
		{A3F41E00-22CB-492F-8BA2-83A9B30F2BC2}.Release|Any CPU.ActiveCfg = Release|Any CPU
		{A3F41E00-22CB-492F-8BA2-83A9B30F2BC2}.Release|Any CPU.Build.0 = Release|Any CPU
		{8CC69471-A370-4DA0-8F1A-E2FC591D2799}.Debug|Any CPU.ActiveCfg = Debug|Any CPU
		{8CC69471-A370-4DA0-8F1A-E2FC591D2799}.Debug|Any CPU.Build.0 = Debug|Any CPU
		{8CC69471-A370-4DA0-8F1A-E2FC591D2799}.Release|Any CPU.ActiveCfg = Release|Any CPU
		{8CC69471-A370-4DA0-8F1A-E2FC591D2799}.Release|Any CPU.Build.0 = Release|Any CPU
		{4AC2E0E2-2B40-46FA-B0B5-4FADCD0C05EE}.Debug|Any CPU.ActiveCfg = Debug|Any CPU
		{4AC2E0E2-2B40-46FA-B0B5-4FADCD0C05EE}.Debug|Any CPU.Build.0 = Debug|Any CPU
		{4AC2E0E2-2B40-46FA-B0B5-4FADCD0C05EE}.Release|Any CPU.ActiveCfg = Release|Any CPU
		{4AC2E0E2-2B40-46FA-B0B5-4FADCD0C05EE}.Release|Any CPU.Build.0 = Release|Any CPU
		{F5B1A178-6187-4C11-BF9E-73456CF85BC1}.Debug|Any CPU.ActiveCfg = Debug|Any CPU
		{F5B1A178-6187-4C11-BF9E-73456CF85BC1}.Debug|Any CPU.Build.0 = Debug|Any CPU
		{F5B1A178-6187-4C11-BF9E-73456CF85BC1}.Release|Any CPU.ActiveCfg = Release|Any CPU
		{F5B1A178-6187-4C11-BF9E-73456CF85BC1}.Release|Any CPU.Build.0 = Release|Any CPU
		{797D56CA-E0E1-4A22-BE80-9F1D4F0E6A57}.Debug|Any CPU.ActiveCfg = Debug|Any CPU
		{797D56CA-E0E1-4A22-BE80-9F1D4F0E6A57}.Debug|Any CPU.Build.0 = Debug|Any CPU
		{797D56CA-E0E1-4A22-BE80-9F1D4F0E6A57}.Release|Any CPU.ActiveCfg = Release|Any CPU
		{797D56CA-E0E1-4A22-BE80-9F1D4F0E6A57}.Release|Any CPU.Build.0 = Release|Any CPU
		{9694F074-6E2F-4575-88B3-7ABCD24F09E8}.Debug|Any CPU.ActiveCfg = Debug|Any CPU
		{9694F074-6E2F-4575-88B3-7ABCD24F09E8}.Debug|Any CPU.Build.0 = Debug|Any CPU
		{9694F074-6E2F-4575-88B3-7ABCD24F09E8}.Release|Any CPU.ActiveCfg = Release|Any CPU
		{9694F074-6E2F-4575-88B3-7ABCD24F09E8}.Release|Any CPU.Build.0 = Release|Any CPU
		{851463E3-0F29-48B7-BC4B-523B8C0B9F83}.Debug|Any CPU.ActiveCfg = Debug|Any CPU
		{851463E3-0F29-48B7-BC4B-523B8C0B9F83}.Debug|Any CPU.Build.0 = Debug|Any CPU
		{851463E3-0F29-48B7-BC4B-523B8C0B9F83}.Release|Any CPU.ActiveCfg = Release|Any CPU
		{851463E3-0F29-48B7-BC4B-523B8C0B9F83}.Release|Any CPU.Build.0 = Release|Any CPU
		{CDAF6851-1110-4690-B75D-5CD8861F23D7}.Debug|Any CPU.ActiveCfg = Debug|Any CPU
		{CDAF6851-1110-4690-B75D-5CD8861F23D7}.Debug|Any CPU.Build.0 = Debug|Any CPU
		{CDAF6851-1110-4690-B75D-5CD8861F23D7}.Release|Any CPU.ActiveCfg = Release|Any CPU
		{CDAF6851-1110-4690-B75D-5CD8861F23D7}.Release|Any CPU.Build.0 = Release|Any CPU
		{B0E25E75-2EA3-47D8-AB94-60CE5CE61A00}.Debug|Any CPU.ActiveCfg = Debug|Any CPU
		{B0E25E75-2EA3-47D8-AB94-60CE5CE61A00}.Debug|Any CPU.Build.0 = Debug|Any CPU
		{B0E25E75-2EA3-47D8-AB94-60CE5CE61A00}.Release|Any CPU.ActiveCfg = Release|Any CPU
		{B0E25E75-2EA3-47D8-AB94-60CE5CE61A00}.Release|Any CPU.Build.0 = Release|Any CPU
		{F77F99C1-4D4C-4FD1-A836-FE50502F56DA}.Debug|Any CPU.ActiveCfg = Debug|Any CPU
		{F77F99C1-4D4C-4FD1-A836-FE50502F56DA}.Debug|Any CPU.Build.0 = Debug|Any CPU
		{F77F99C1-4D4C-4FD1-A836-FE50502F56DA}.Release|Any CPU.ActiveCfg = Release|Any CPU
		{F77F99C1-4D4C-4FD1-A836-FE50502F56DA}.Release|Any CPU.Build.0 = Release|Any CPU
		{0D6A63B1-1115-4686-B5F7-6B1BBBDDB1D9}.Debug|Any CPU.ActiveCfg = Debug|Any CPU
		{0D6A63B1-1115-4686-B5F7-6B1BBBDDB1D9}.Debug|Any CPU.Build.0 = Debug|Any CPU
		{0D6A63B1-1115-4686-B5F7-6B1BBBDDB1D9}.Release|Any CPU.ActiveCfg = Release|Any CPU
		{0D6A63B1-1115-4686-B5F7-6B1BBBDDB1D9}.Release|Any CPU.Build.0 = Release|Any CPU
	EndGlobalSection
	GlobalSection(SolutionProperties) = preSolution
		HideSolutionNode = FALSE
	EndGlobalSection
	GlobalSection(NestedProjects) = preSolution
		{F93B5065-6921-49EF-A12C-FF7252C59EB2} = {A2B8A869-2B5B-4063-8200-C7CBD8CF2E54}
		{A3F41E00-22CB-492F-8BA2-83A9B30F2BC2} = {A2B8A869-2B5B-4063-8200-C7CBD8CF2E54}
		{8CC69471-A370-4DA0-8F1A-E2FC591D2799} = {A2B8A869-2B5B-4063-8200-C7CBD8CF2E54}
		{4AC2E0E2-2B40-46FA-B0B5-4FADCD0C05EE} = {20474697-FE57-4338-A627-F3552A851D12}
		{F5B1A178-6187-4C11-BF9E-73456CF85BC1} = {20474697-FE57-4338-A627-F3552A851D12}
		{797D56CA-E0E1-4A22-BE80-9F1D4F0E6A57} = {20474697-FE57-4338-A627-F3552A851D12}
		{9694F074-6E2F-4575-88B3-7ABCD24F09E8} = {C717F0B6-A0CD-475B-85F3-FB6BB0747F35}
		{851463E3-0F29-48B7-BC4B-523B8C0B9F83} = {C717F0B6-A0CD-475B-85F3-FB6BB0747F35}
		{CDAF6851-1110-4690-B75D-5CD8861F23D7} = {C717F0B6-A0CD-475B-85F3-FB6BB0747F35}
		{B0E25E75-2EA3-47D8-AB94-60CE5CE61A00} = {94D35CC1-CB31-4228-AC15-7C26F0281FD8}
		{F77F99C1-4D4C-4FD1-A836-FE50502F56DA} = {94D35CC1-CB31-4228-AC15-7C26F0281FD8}
		{0D6A63B1-1115-4686-B5F7-6B1BBBDDB1D9} = {94D35CC1-CB31-4228-AC15-7C26F0281FD8}
	EndGlobalSection
	GlobalSection(ExtensibilityGlobals) = postSolution
		SolutionGuid = {EF39D377-0B14-4E5B-8DDA-138FEA81D41F}
	EndGlobalSection
EndGlobal
